<?xml version="1.0" encoding="utf-8"?>
<Project ToolsVersion="4.0" xmlns="http://schemas.microsoft.com/developer/msbuild/2003">
  <ItemGroup>
    <ApplicationDefinition Include="App.xaml" />
  </ItemGroup>
  <ItemGroup>
    <Page Include="MainWindow.xaml" />
    <Page Include="Shell.xaml">
      <Filter>Shell</Filter>
    </Page>
    <Page Include="HomePage.xaml" />
    <Page Include="TestPage.xaml" />
  </ItemGroup>
  <ItemGroup>
    <Midl Include="App.idl" />
    <Midl Include="MainWindow.idl" />
    <Midl Include="ViewModelBase.idl">
      <Filter>ViewModelBase</Filter>
    </Midl>
    <Midl Include="ShellViewModel.idl">
      <Filter>Shell\ViewModel</Filter>
    </Midl>
    <Midl Include="RelayCommand.idl">
      <Filter>ViewModelBase\RelayCommand</Filter>
    </Midl>
    <Midl Include="MenuEntry.idl">
      <Filter>Shell\MenuEntry</Filter>
    </Midl>
  </ItemGroup>
  <ItemGroup>
    <ClCompile Include="pch.cpp" />
    <ClCompile Include="$(GeneratedFilesDir)module.g.cpp" />
    <ClCompile Include="ShellViewModel.cpp">
      <Filter>Shell\ViewModel</Filter>
    </ClCompile>
    <ClCompile Include="ViewModelBase.cpp">
      <Filter>ViewModelBase</Filter>
    </ClCompile>
    <ClCompile Include="RelayCommand.cpp">
      <Filter>ViewModelBase\RelayCommand</Filter>
    </ClCompile>
    <ClCompile Include="MenuEntry.cpp">
      <Filter>Shell\MenuEntry</Filter>
    </ClCompile>
  </ItemGroup>
  <ItemGroup>
    <ClInclude Include="pch.h" />
    <ClInclude Include="ShellViewModel.h">
      <Filter>Shell\ViewModel</Filter>
    </ClInclude>
    <ClInclude Include="ViewModelBase.h">
      <Filter>ViewModelBase</Filter>
    </ClInclude>
    <ClInclude Include="RelayCommand.h">
      <Filter>ViewModelBase\RelayCommand</Filter>
    </ClInclude>
    <ClInclude Include="MenuEntry.h">
      <Filter>Shell\MenuEntry</Filter>
    </ClInclude>
  </ItemGroup>
  <ItemGroup>
    <Filter Include="Assets">
      <UniqueIdentifier>{e48dc53e-40b1-40cb-970a-f89935452892}</UniqueIdentifier>
    </Filter>
    <Filter Include="ViewModelBase">
      <UniqueIdentifier>{474c7931-3cab-4e94-ab9b-7e9f32f9d8f0}</UniqueIdentifier>
    </Filter>
    <Filter Include="Shell">
      <UniqueIdentifier>{3de409b7-2aab-460e-b290-8f565f4dc402}</UniqueIdentifier>
    </Filter>
    <Filter Include="Shell\ViewModel">
      <UniqueIdentifier>{1539ef6e-b94b-49ff-af9d-f7f4a703f8fe}</UniqueIdentifier>
    </Filter>
    <Filter Include="ViewModelBase\RelayCommand">
      <UniqueIdentifier>{6b828624-2c7d-4be3-a582-4686f90e6fea}</UniqueIdentifier>
    </Filter>
    <Filter Include="Shell\MenuEntry">
      <UniqueIdentifier>{5614a74f-92db-47f5-b9c7-951e65bf7ffa}</UniqueIdentifier>
    </Filter>
  </ItemGroup>
  <ItemGroup>
    <Manifest Include="app.manifest" />
  </ItemGroup>
  <ItemGroup>
    <None Include="packages.config" />
  </ItemGroup>
</Project>